PODS:
  - SAAdLoader (1.0.5):
    - SAModelSpace (= 0.4.2)
    - SANetworking (= 0.2.9)
    - SASession (= 0.3.5)
    - SAUtils (= 1.5.0)
    - SAVASTParser (= 1.6.2)
  - SAJsonParser (1.3.2)
  - SAModelSpace (0.4.2):
    - SAJsonParser (= 1.3.2)
    - SAUtils (= 1.5.0)
  - SANetworking (0.2.9)
  - SASession (0.3.5):
    - SAUtils (= 1.5.0)
  - SAUtils (1.5.0)
  - SAVASTParser (1.6.2):
    - SAModelSpace (= 0.4.2)
    - SANetworking (= 0.2.9)
    - SAUtils (= 1.5.0)

DEPENDENCIES:
  - SAAdLoader (from `../`)

EXTERNAL SOURCES:
  SAAdLoader:
    :path: ../

SPEC CHECKSUMS:
  SAAdLoader: 13e6efe7565584c318a0d1ff5bcd399496ddda0f
  SAJsonParser: d0db6d8c737c04f8bf4e9474e82825347aa24f58
  SAModelSpace: eea2ad6ccb674f44951328b911864d377e4f07a7
  SANetworking: 40e2a8ffd5c680be57dfd91426f3c74933ad1d80
  SASession: 132766325ba7bf55d283bb3bfa4bc5a8c470347e
  SAUtils: 1e8b881ca8c7fac2749c8fd9b851f0b344611035
  SAVASTParser: 7b9f95e3e117fdd91c161f0ed5e4269b41cae407

PODFILE CHECKSUM: 9737a124adca1f3747a61c7ae808f3a18033de67

COCOAPODS: 1.2.0.beta.1
