PODS:
  - SAAdLoader (0.9.9):
    - SAModelSpace (= 0.4.1)
    - SANetworking (= 0.2.9)
    - SASession (= 0.3.5)
    - SAUtils (= 1.5.0)
    - SAVASTParser (= 1.5.9)
  - SAJsonParser (1.3.2)
  - SAModelSpace (0.4.1):
    - SAJsonParser (= 1.3.2)
    - SAUtils (= 1.5.0)
  - SANetworking (0.2.9)
  - SASession (0.3.5):
    - SAUtils (= 1.5.0)
  - SAUtils (1.5.0)
  - SAVASTParser (1.5.9):
    - SAModelSpace (= 0.4.1)
    - SANetworking (= 0.2.9)
    - SAUtils (= 1.5.0)

DEPENDENCIES:
  - SAAdLoader (from `../`)

EXTERNAL SOURCES:
  SAAdLoader:
    :path: ../

SPEC CHECKSUMS:
  SAAdLoader: f8172953131908b2e064543606d22d39c39eb23f
  SAJsonParser: d0db6d8c737c04f8bf4e9474e82825347aa24f58
  SAModelSpace: c3af9074396af32286e1e9f70c21d43df9dbd81f
  SANetworking: 40e2a8ffd5c680be57dfd91426f3c74933ad1d80
  SASession: 132766325ba7bf55d283bb3bfa4bc5a8c470347e
  SAUtils: 1e8b881ca8c7fac2749c8fd9b851f0b344611035
  SAVASTParser: aa62c013905cf2fd411cd9766d5c38c6294f9f1f

PODFILE CHECKSUM: d03a23d07006907c16722ba6dfab0a0ac87fc4a0

COCOAPODS: 1.2.0.beta.1
